
Microsoft Visual Studio Solution File, Format Version 12.00
# Visual Studio 15
VisualStudioVersion = 15.0.28307.852
MinimumVisualStudioVersion = 10.0.40219.1
Project("{FAE04EC0-301F-11D3-BF4B-00C04F79EFBC}") = "MiniKreuzwortraetsel", "MiniKreuzwortraetsel\MiniKreuzwortraetsel.csproj", "{B81E95B7-07F0-4A69-A59B-6AE056A635B1}"
EndProject
Global
	GlobalSection(SolutionConfigurationPlatforms) = preSolution
		Debug|Any CPU = Debug|Any CPU
		Release|Any CPU = Release|Any CPU
	EndGlobalSection
	GlobalSection(ProjectConfigurationPlatforms) = postSolution
		{B81E95B7-07F0-4A69-A59B-6AE056A635B1}.Debug|Any CPU.ActiveCfg = Debug|Any CPU
		{B81E95B7-07F0-4A69-A59B-6AE056A635B1}.Debug|Any CPU.Build.0 = Debug|Any CPU
		{B81E95B7-07F0-4A69-A59B-6AE056A635B1}.Release|Any CPU.ActiveCfg = Release|Any CPU
		{B81E95B7-07F0-4A69-A59B-6AE056A635B1}.Release|Any CPU.Build.0 = Release|Any CPU
	EndGlobalSection
	GlobalSection(SolutionProperties) = preSolution
		HideSolutionNode = FALSE
	EndGlobalSection
	GlobalSection(ExtensibilityGlobals) = postSolution
		SolutionGuid = {B4364C0D-35A9-4B37-992A-0F3C6AB2E267}
	EndGlobalSection
EndGlobal
